
Microsoft Visual Studio Solution File, Format Version 12.00
# Visual Studio Version 16
VisualStudioVersion = 16.0.29009.5
MinimumVisualStudioVersion = 10.0.40219.1
Project("{9A19103F-16F7-4668-BE54-9A1E7A4F7556}") = "Enum.Ext", "Enum.Ext\Enum.Ext.csproj", "{14D333D9-B435-4977-89C0-3F9CE70EC724}"
EndProject
Project("{9A19103F-16F7-4668-BE54-9A1E7A4F7556}") = "Enum.Ext.Tests", "Enum.Ext.Tests\Enum.Ext.Tests.csproj", "{895F156E-3FB9-43E9-AD4B-A5E8A777DA7D}"
EndProject
Project("{9A19103F-16F7-4668-BE54-9A1E7A4F7556}") = "Enum.Ext.EFCore", "Enum.Ext.EFCore\Enum.Ext.EFCore.csproj", "{895C21C1-AB7D-4284-B98F-331A9880E37F}"
EndProject
Project("{9A19103F-16F7-4668-BE54-9A1E7A4F7556}") = "Enum.Ext.EFCore.Tests", "Enum.Ext.EFCore.Tests\Enum.Ext.EFCore.Tests.csproj", "{F4510B30-62E3-439C-A224-FEEC0D5D06E4}"
EndProject
Project("{FAE04EC0-301F-11D3-BF4B-00C04F79EFBC}") = "Enum.Ext.AutoFixture", "Enum.Ext.AutoFixture\Enum.Ext.AutoFixture.csproj", "{65165A68-C71F-4B32-A8E9-0483B8BB3D22}"
EndProject
Project("{FAE04EC0-301F-11D3-BF4B-00C04F79EFBC}") = "Enum.Ext.AutoFixture.Tests", "Enum.Ext.AutoFixture.Tests\Enum.Ext.AutoFixture.Tests.csproj", "{46647C7A-1567-4548-BAD0-D8BE34F0BA78}"
EndProject
Global
	GlobalSection(SolutionConfigurationPlatforms) = preSolution
		Debug|Any CPU = Debug|Any CPU
		Release|Any CPU = Release|Any CPU
	EndGlobalSection
	GlobalSection(ProjectConfigurationPlatforms) = postSolution
		{14D333D9-B435-4977-89C0-3F9CE70EC724}.Debug|Any CPU.ActiveCfg = Debug|Any CPU
		{14D333D9-B435-4977-89C0-3F9CE70EC724}.Debug|Any CPU.Build.0 = Debug|Any CPU
		{14D333D9-B435-4977-89C0-3F9CE70EC724}.Release|Any CPU.ActiveCfg = Release|Any CPU
		{14D333D9-B435-4977-89C0-3F9CE70EC724}.Release|Any CPU.Build.0 = Release|Any CPU
		{895F156E-3FB9-43E9-AD4B-A5E8A777DA7D}.Debug|Any CPU.ActiveCfg = Debug|Any CPU
		{895F156E-3FB9-43E9-AD4B-A5E8A777DA7D}.Debug|Any CPU.Build.0 = Debug|Any CPU
		{895F156E-3FB9-43E9-AD4B-A5E8A777DA7D}.Release|Any CPU.ActiveCfg = Release|Any CPU
		{895F156E-3FB9-43E9-AD4B-A5E8A777DA7D}.Release|Any CPU.Build.0 = Release|Any CPU
		{895C21C1-AB7D-4284-B98F-331A9880E37F}.Debug|Any CPU.ActiveCfg = Debug|Any CPU
		{895C21C1-AB7D-4284-B98F-331A9880E37F}.Debug|Any CPU.Build.0 = Debug|Any CPU
		{895C21C1-AB7D-4284-B98F-331A9880E37F}.Release|Any CPU.ActiveCfg = Release|Any CPU
		{895C21C1-AB7D-4284-B98F-331A9880E37F}.Release|Any CPU.Build.0 = Release|Any CPU
		{F4510B30-62E3-439C-A224-FEEC0D5D06E4}.Debug|Any CPU.ActiveCfg = Debug|Any CPU
		{F4510B30-62E3-439C-A224-FEEC0D5D06E4}.Debug|Any CPU.Build.0 = Debug|Any CPU
		{F4510B30-62E3-439C-A224-FEEC0D5D06E4}.Release|Any CPU.ActiveCfg = Release|Any CPU
		{F4510B30-62E3-439C-A224-FEEC0D5D06E4}.Release|Any CPU.Build.0 = Release|Any CPU
		{65165A68-C71F-4B32-A8E9-0483B8BB3D22}.Debug|Any CPU.ActiveCfg = Debug|Any CPU
		{65165A68-C71F-4B32-A8E9-0483B8BB3D22}.Debug|Any CPU.Build.0 = Debug|Any CPU
		{65165A68-C71F-4B32-A8E9-0483B8BB3D22}.Release|Any CPU.ActiveCfg = Release|Any CPU
		{65165A68-C71F-4B32-A8E9-0483B8BB3D22}.Release|Any CPU.Build.0 = Release|Any CPU
		{46647C7A-1567-4548-BAD0-D8BE34F0BA78}.Debug|Any CPU.ActiveCfg = Debug|Any CPU
		{46647C7A-1567-4548-BAD0-D8BE34F0BA78}.Debug|Any CPU.Build.0 = Debug|Any CPU
		{46647C7A-1567-4548-BAD0-D8BE34F0BA78}.Release|Any CPU.ActiveCfg = Release|Any CPU
		{46647C7A-1567-4548-BAD0-D8BE34F0BA78}.Release|Any CPU.Build.0 = Release|Any CPU
	EndGlobalSection
	GlobalSection(SolutionProperties) = preSolution
		HideSolutionNode = FALSE
	EndGlobalSection
	GlobalSection(ExtensibilityGlobals) = postSolution
		SolutionGuid = {BF063558-13C3-4055-98B1-A87CA2DE201D}
	EndGlobalSection
EndGlobal
